
Microsoft Visual Studio Solution File, Format Version 12.00
# Visual Studio Version 16
VisualStudioVersion = 16.0.33927.289
MinimumVisualStudioVersion = 10.0.40219.1
Project("{FAE04EC0-301F-11D3-BF4B-00C04F79EFBC}") = "DoAn_BMTT_36_BuiHungPhuong", "DoAn_BMTT_36_BuiHungPhuong\DoAn_BMTT_36_BuiHungPhuong.csproj", "{1B4EAF76-291A-4535-AD19-DE127C9BCA77}"
EndProject
Global
	GlobalSection(SolutionConfigurationPlatforms) = preSolution
		Debug|Any CPU = Debug|Any CPU
		Release|Any CPU = Release|Any CPU
	EndGlobalSection
	GlobalSection(ProjectConfigurationPlatforms) = postSolution
		{1B4EAF76-291A-4535-AD19-DE127C9BCA77}.Debug|Any CPU.ActiveCfg = Debug|Any CPU
		{1B4EAF76-291A-4535-AD19-DE127C9BCA77}.Debug|Any CPU.Build.0 = Debug|Any CPU
		{1B4EAF76-291A-4535-AD19-DE127C9BCA77}.Release|Any CPU.ActiveCfg = Release|Any CPU
		{1B4EAF76-291A-4535-AD19-DE127C9BCA77}.Release|Any CPU.Build.0 = Release|Any CPU
	EndGlobalSection
	GlobalSection(SolutionProperties) = preSolution
		HideSolutionNode = FALSE
	EndGlobalSection
	GlobalSection(ExtensibilityGlobals) = postSolution
		SolutionGuid = {5E158CD1-AF4D-4794-895B-9713C86A787F}
	EndGlobalSection
EndGlobal
